{
  "name": "cricket-results-dashboard",
  "version": "2.0.0",
  "lockfileVersion": 3,
  "requires": true,
  "packages": {
    "": {
      "name": "cricket-results-dashboard",
      "version": "2.0.0",
      "private": true,
      "dependencies": {
        "dotenv": "^16.6.1",
        "express": "^5.1.0"
      },
      "engines": {
        "node": ">=18"
      }
    },
    "node_modules/dotenv": {
      "version": "16.6.1",
      "resolved": "https://registry.npmjs.org/dotenv/-/dotenv-16.6.1.tgz",
      "integrity": "sha512-ZYS5W8ZcO/cxWJcQ+LHmKZW/hbtBTELYQLgcsQ/K/6VnZC+qo2NjeSl+/I5ER8aTJZ9P7QcUt+cHZqbeRgVxQ==",
      "engines": {
        "node": ">=12"
      },
      "funding": {
        "url": "https://github.com/motdotla/dotenv?sponsor=1"
      }
    },
    "node_modules/express": {
      "version": "5.1.0",
      "resolved": "https://registry.npmjs.org/express/-/express-5.1.0.tgz",
      "integrity": "sha512-1nxjrqVEXpCPmxz3I0l3r+KwuEXJiKaF1ooQfUu6uu+88UNmb3K8Nq4PiEe0PqH1HICPB/4jTqm5f2lHJnhgg==",
      "engines": {
        "node": ">= 16.9.0"
      }
    }
  }
}
